
Microsoft Visual Studio Solution File, Format Version 12.00
# Visual Studio Version 17
VisualStudioVersion = 17.9.34714.143
MinimumVisualStudioVersion = 10.0.40219.1
Project("{FAE04EC0-301F-11D3-BF4B-00C04F79EFBC}") = "FinalEntertainers", "FinalEntertainers.csproj", "{3042E436-24CF-4D23-8D56-7F1AF8921DA6}"
EndProject
Global
	GlobalSection(SolutionConfigurationPlatforms) = preSolution
		Debug|Any CPU = Debug|Any CPU
		Release|Any CPU = Release|Any CPU
	EndGlobalSection
	GlobalSection(ProjectConfigurationPlatforms) = postSolution
		{3042E436-24CF-4D23-8D56-7F1AF8921DA6}.Debug|Any CPU.ActiveCfg = Debug|Any CPU
		{3042E436-24CF-4D23-8D56-7F1AF8921DA6}.Debug|Any CPU.Build.0 = Debug|Any CPU
		{3042E436-24CF-4D23-8D56-7F1AF8921DA6}.Release|Any CPU.ActiveCfg = Release|Any CPU
		{3042E436-24CF-4D23-8D56-7F1AF8921DA6}.Release|Any CPU.Build.0 = Release|Any CPU
	EndGlobalSection
	GlobalSection(SolutionProperties) = preSolution
		HideSolutionNode = FALSE
	EndGlobalSection
	GlobalSection(ExtensibilityGlobals) = postSolution
		SolutionGuid = {0D7C6490-B1D2-44E5-8DA8-07FB137C7994}
	EndGlobalSection
EndGlobal
